
Microsoft Visual Studio Solution File, Format Version 12.00
# Visual Studio Version 17
VisualStudioVersion = 17.3.32929.385
MinimumVisualStudioVersion = 10.0.40219.1
Project("{9A19103F-16F7-4668-BE54-9A1E7A4F7556}") = "Sat.Recruitment.Api", "Sat.Recruitment.Api\Sat.Recruitment.Api.csproj", "{1F342EA2-E7B1-4E53-AB93-9C62288D3FB0}"
EndProject
Project("{9A19103F-16F7-4668-BE54-9A1E7A4F7556}") = "Sat.Recruitment.Test", "Sat.Recruitment.Test\Sat.Recruitment.Test.csproj", "{42E696E9-2672-4B91-AD96-353A69F7219C}"
EndProject
Project("{9A19103F-16F7-4668-BE54-9A1E7A4F7556}") = "Sat.Recruitment.Domain", "Sat.Recruitment.Domain\Sat.Recruitment.Domain.csproj", "{08D6CB3F-E794-4892-AEC1-932A1443DB43}"
EndProject
Project("{9A19103F-16F7-4668-BE54-9A1E7A4F7556}") = "Sat.Recruitment.Application", "Sat.Recruitment.Application\Sat.Recruitment.Application.csproj", "{67C4AD35-A3AC-4585-A39F-D89F330EEAE9}"
EndProject
Project("{9A19103F-16F7-4668-BE54-9A1E7A4F7556}") = "Sat.Recruitment.Infrastructure", "Sat.Recruitment.Infrastructure.Data\Sat.Recruitment.Infrastructure.csproj", "{CDD238FD-E955-4971-8FB9-1ADA0C61E5AC}"
EndProject
Global
	GlobalSection(SolutionConfigurationPlatforms) = preSolution
		Debug|Any CPU = Debug|Any CPU
		Release|Any CPU = Release|Any CPU
	EndGlobalSection
	GlobalSection(ProjectConfigurationPlatforms) = postSolution
		{1F342EA2-E7B1-4E53-AB93-9C62288D3FB0}.Debug|Any CPU.ActiveCfg = Debug|Any CPU
		{1F342EA2-E7B1-4E53-AB93-9C62288D3FB0}.Debug|Any CPU.Build.0 = Debug|Any CPU
		{1F342EA2-E7B1-4E53-AB93-9C62288D3FB0}.Release|Any CPU.ActiveCfg = Release|Any CPU
		{1F342EA2-E7B1-4E53-AB93-9C62288D3FB0}.Release|Any CPU.Build.0 = Release|Any CPU
		{42E696E9-2672-4B91-AD96-353A69F7219C}.Debug|Any CPU.ActiveCfg = Debug|Any CPU
		{42E696E9-2672-4B91-AD96-353A69F7219C}.Debug|Any CPU.Build.0 = Debug|Any CPU
		{42E696E9-2672-4B91-AD96-353A69F7219C}.Release|Any CPU.ActiveCfg = Release|Any CPU
		{42E696E9-2672-4B91-AD96-353A69F7219C}.Release|Any CPU.Build.0 = Release|Any CPU
		{08D6CB3F-E794-4892-AEC1-932A1443DB43}.Debug|Any CPU.ActiveCfg = Debug|Any CPU
		{08D6CB3F-E794-4892-AEC1-932A1443DB43}.Debug|Any CPU.Build.0 = Debug|Any CPU
		{08D6CB3F-E794-4892-AEC1-932A1443DB43}.Release|Any CPU.ActiveCfg = Release|Any CPU
		{08D6CB3F-E794-4892-AEC1-932A1443DB43}.Release|Any CPU.Build.0 = Release|Any CPU
		{67C4AD35-A3AC-4585-A39F-D89F330EEAE9}.Debug|Any CPU.ActiveCfg = Debug|Any CPU
		{67C4AD35-A3AC-4585-A39F-D89F330EEAE9}.Debug|Any CPU.Build.0 = Debug|Any CPU
		{67C4AD35-A3AC-4585-A39F-D89F330EEAE9}.Release|Any CPU.ActiveCfg = Release|Any CPU
		{67C4AD35-A3AC-4585-A39F-D89F330EEAE9}.Release|Any CPU.Build.0 = Release|Any CPU
		{CDD238FD-E955-4971-8FB9-1ADA0C61E5AC}.Debug|Any CPU.ActiveCfg = Debug|Any CPU
		{CDD238FD-E955-4971-8FB9-1ADA0C61E5AC}.Debug|Any CPU.Build.0 = Debug|Any CPU
		{CDD238FD-E955-4971-8FB9-1ADA0C61E5AC}.Release|Any CPU.ActiveCfg = Release|Any CPU
		{CDD238FD-E955-4971-8FB9-1ADA0C61E5AC}.Release|Any CPU.Build.0 = Release|Any CPU
	EndGlobalSection
	GlobalSection(SolutionProperties) = preSolution
		HideSolutionNode = FALSE
	EndGlobalSection
	GlobalSection(ExtensibilityGlobals) = postSolution
		SolutionGuid = {A2A05765-05B9-484D-8D3D-506849EB716F}
	EndGlobalSection
EndGlobal
